
Microsoft Visual Studio Solution File, Format Version 12.00
# Visual Studio Version 17
VisualStudioVersion = 17.7.34024.191
MinimumVisualStudioVersion = 10.0.40219.1
Project("{FAE04EC0-301F-11D3-BF4B-00C04F79EFBC}") = "2zh", "2zh.csproj", "{DFCA9DB6-0BC5-4E1F-81F5-C47609778EFE}"
EndProject
Global
	GlobalSection(SolutionConfigurationPlatforms) = preSolution
		Debug|Any CPU = Debug|Any CPU
		Release|Any CPU = Release|Any CPU
	EndGlobalSection
	GlobalSection(ProjectConfigurationPlatforms) = postSolution
		{DFCA9DB6-0BC5-4E1F-81F5-C47609778EFE}.Debug|Any CPU.ActiveCfg = Debug|Any CPU
		{DFCA9DB6-0BC5-4E1F-81F5-C47609778EFE}.Debug|Any CPU.Build.0 = Debug|Any CPU
		{DFCA9DB6-0BC5-4E1F-81F5-C47609778EFE}.Release|Any CPU.ActiveCfg = Release|Any CPU
		{DFCA9DB6-0BC5-4E1F-81F5-C47609778EFE}.Release|Any CPU.Build.0 = Release|Any CPU
	EndGlobalSection
	GlobalSection(SolutionProperties) = preSolution
		HideSolutionNode = FALSE
	EndGlobalSection
	GlobalSection(ExtensibilityGlobals) = postSolution
		SolutionGuid = {444A9679-A226-49BB-8013-8818464F594B}
	EndGlobalSection
EndGlobal
